
Microsoft Visual Studio Solution File, Format Version 12.00
# Visual Studio Version 16
VisualStudioVersion = 16.0.28822.285
MinimumVisualStudioVersion = 10.0.40219.1
Project("{8BC9CEB8-8B4A-11D0-8D11-00A0C91BC942}") = "GwenJVS", "GwenJVS\GwenJVS.vcxproj", "{5496248C-EDEF-4D31-B402-9344B67DF144}"
EndProject
Project("{8BC9CEB8-8B4A-11D0-8D11-00A0C91BC942}") = "GwenJVSFaker", "GwenJVSFaker\GwenJVSFaker.vcxproj", "{F30261A3-E3CB-4A77-87AE-8B3AE3CB5E49}"
EndProject
Global
	GlobalSection(SolutionConfigurationPlatforms) = preSolution
		Debug|Any CPU = Debug|Any CPU
		Debug|ARM = Debug|ARM
		Debug|ARM64 = Debug|ARM64
		Debug|x64 = Debug|x64
		Debug|x86 = Debug|x86
		Release|Any CPU = Release|Any CPU
		Release|ARM = Release|ARM
		Release|ARM64 = Release|ARM64
		Release|x64 = Release|x64
		Release|x86 = Release|x86
	EndGlobalSection
	GlobalSection(ProjectConfigurationPlatforms) = postSolution
		{5496248C-EDEF-4D31-B402-9344B67DF144}.Debug|Any CPU.ActiveCfg = Release|Win32
		{5496248C-EDEF-4D31-B402-9344B67DF144}.Debug|ARM.ActiveCfg = Release|Win32
		{5496248C-EDEF-4D31-B402-9344B67DF144}.Debug|ARM64.ActiveCfg = Release|Win32
		{5496248C-EDEF-4D31-B402-9344B67DF144}.Debug|x64.ActiveCfg = Release|Win32
		{5496248C-EDEF-4D31-B402-9344B67DF144}.Debug|x64.Build.0 = Debug|x64
		{5496248C-EDEF-4D31-B402-9344B67DF144}.Debug|x64.Deploy.0 = Debug|x64
		{5496248C-EDEF-4D31-B402-9344B67DF144}.Debug|x86.ActiveCfg = Release|Win32
		{5496248C-EDEF-4D31-B402-9344B67DF144}.Debug|x86.Build.0 = Debug|Win32
		{5496248C-EDEF-4D31-B402-9344B67DF144}.Debug|x86.Deploy.0 = Debug|Win32
		{5496248C-EDEF-4D31-B402-9344B67DF144}.Release|Any CPU.ActiveCfg = Release|Win32
		{5496248C-EDEF-4D31-B402-9344B67DF144}.Release|ARM.ActiveCfg = Release|Win32
		{5496248C-EDEF-4D31-B402-9344B67DF144}.Release|ARM64.ActiveCfg = Release|Win32
		{5496248C-EDEF-4D31-B402-9344B67DF144}.Release|x64.ActiveCfg = Release|Win32
		{5496248C-EDEF-4D31-B402-9344B67DF144}.Release|x64.Build.0 = Release|x64
		{5496248C-EDEF-4D31-B402-9344B67DF144}.Release|x64.Deploy.0 = Release|x64
		{5496248C-EDEF-4D31-B402-9344B67DF144}.Release|x86.ActiveCfg = Release|Win32
		{5496248C-EDEF-4D31-B402-9344B67DF144}.Release|x86.Build.0 = Release|Win32
		{5496248C-EDEF-4D31-B402-9344B67DF144}.Release|x86.Deploy.0 = Release|Win32
		{F30261A3-E3CB-4A77-87AE-8B3AE3CB5E49}.Debug|Any CPU.ActiveCfg = Release|x64
		{F30261A3-E3CB-4A77-87AE-8B3AE3CB5E49}.Debug|ARM.ActiveCfg = Release|x64
		{F30261A3-E3CB-4A77-87AE-8B3AE3CB5E49}.Debug|ARM64.ActiveCfg = Release|x64
		{F30261A3-E3CB-4A77-87AE-8B3AE3CB5E49}.Debug|x64.ActiveCfg = Release|x64
		{F30261A3-E3CB-4A77-87AE-8B3AE3CB5E49}.Debug|x64.Build.0 = Debug|x64
		{F30261A3-E3CB-4A77-87AE-8B3AE3CB5E49}.Debug|x86.ActiveCfg = Release|x64
		{F30261A3-E3CB-4A77-87AE-8B3AE3CB5E49}.Debug|x86.Build.0 = Debug|Win32
		{F30261A3-E3CB-4A77-87AE-8B3AE3CB5E49}.Release|Any CPU.ActiveCfg = Release|x64
		{F30261A3-E3CB-4A77-87AE-8B3AE3CB5E49}.Release|ARM.ActiveCfg = Release|x64
		{F30261A3-E3CB-4A77-87AE-8B3AE3CB5E49}.Release|ARM64.ActiveCfg = Release|x64
		{F30261A3-E3CB-4A77-87AE-8B3AE3CB5E49}.Release|x64.ActiveCfg = Release|x64
		{F30261A3-E3CB-4A77-87AE-8B3AE3CB5E49}.Release|x64.Build.0 = Release|x64
		{F30261A3-E3CB-4A77-87AE-8B3AE3CB5E49}.Release|x86.ActiveCfg = Release|x64
		{F30261A3-E3CB-4A77-87AE-8B3AE3CB5E49}.Release|x86.Build.0 = Release|Win32
	EndGlobalSection
	GlobalSection(SolutionProperties) = preSolution
		HideSolutionNode = FALSE
	EndGlobalSection
	GlobalSection(ExtensibilityGlobals) = postSolution
		SolutionGuid = {D5CD61FD-80BB-4E0E-840C-BAF66ABB1CF0}
	EndGlobalSection
EndGlobal
