
Microsoft Visual Studio Solution File, Format Version 12.00
# Visual Studio Version 16
VisualStudioVersion = 16.0.28621.142
MinimumVisualStudioVersion = 10.0.40219.1
Project("{8BC9CEB8-8B4A-11D0-8D11-00A0C91BC942}") = "GwenJVS", "GwenJVS\GwenJVS.vcxproj", "{5496248C-EDEF-4D31-B402-9344B67DF144}"
EndProject
Project("{8BC9CEB8-8B4A-11D0-8D11-00A0C91BC942}") = "GwenJVSFaker", "GwenJVSFaker\GwenJVSFaker.vcxproj", "{F30261A3-E3CB-4A77-87AE-8B3AE3CB5E49}"
EndProject
Global
	GlobalSection(SolutionConfigurationPlatforms) = preSolution
		Debug (dynamic)|Any CPU = Debug (dynamic)|Any CPU
		Debug (dynamic)|ARM = Debug (dynamic)|ARM
		Debug (dynamic)|ARM64 = Debug (dynamic)|ARM64
		Debug (dynamic)|x64 = Debug (dynamic)|x64
		Debug (dynamic)|x86 = Debug (dynamic)|x86
		Debug (static)|Any CPU = Debug (static)|Any CPU
		Debug (static)|ARM = Debug (static)|ARM
		Debug (static)|ARM64 = Debug (static)|ARM64
		Debug (static)|x64 = Debug (static)|x64
		Debug (static)|x86 = Debug (static)|x86
		Debug|Any CPU = Debug|Any CPU
		Debug|ARM = Debug|ARM
		Debug|ARM64 = Debug|ARM64
		Debug|x64 = Debug|x64
		Debug|x86 = Debug|x86
		Release (dynamic)|Any CPU = Release (dynamic)|Any CPU
		Release (dynamic)|ARM = Release (dynamic)|ARM
		Release (dynamic)|ARM64 = Release (dynamic)|ARM64
		Release (dynamic)|x64 = Release (dynamic)|x64
		Release (dynamic)|x86 = Release (dynamic)|x86
		Release (static)|Any CPU = Release (static)|Any CPU
		Release (static)|ARM = Release (static)|ARM
		Release (static)|ARM64 = Release (static)|ARM64
		Release (static)|x64 = Release (static)|x64
		Release (static)|x86 = Release (static)|x86
		Release|Any CPU = Release|Any CPU
		Release|ARM = Release|ARM
		Release|ARM64 = Release|ARM64
		Release|x64 = Release|x64
		Release|x86 = Release|x86
	EndGlobalSection
	GlobalSection(ProjectConfigurationPlatforms) = postSolution
		{5496248C-EDEF-4D31-B402-9344B67DF144}.Debug (dynamic)|Any CPU.ActiveCfg = Release|Win32
		{5496248C-EDEF-4D31-B402-9344B67DF144}.Debug (dynamic)|Any CPU.Build.0 = Release|Win32
		{5496248C-EDEF-4D31-B402-9344B67DF144}.Debug (dynamic)|Any CPU.Deploy.0 = Release|Win32
		{5496248C-EDEF-4D31-B402-9344B67DF144}.Debug (dynamic)|ARM.ActiveCfg = Release|Win32
		{5496248C-EDEF-4D31-B402-9344B67DF144}.Debug (dynamic)|ARM.Build.0 = Release|Win32
		{5496248C-EDEF-4D31-B402-9344B67DF144}.Debug (dynamic)|ARM.Deploy.0 = Release|Win32
		{5496248C-EDEF-4D31-B402-9344B67DF144}.Debug (dynamic)|ARM64.ActiveCfg = Release|Win32
		{5496248C-EDEF-4D31-B402-9344B67DF144}.Debug (dynamic)|ARM64.Build.0 = Release|Win32
		{5496248C-EDEF-4D31-B402-9344B67DF144}.Debug (dynamic)|ARM64.Deploy.0 = Release|Win32
		{5496248C-EDEF-4D31-B402-9344B67DF144}.Debug (dynamic)|x64.ActiveCfg = Debug|x64
		{5496248C-EDEF-4D31-B402-9344B67DF144}.Debug (dynamic)|x64.Build.0 = Debug|x64
		{5496248C-EDEF-4D31-B402-9344B67DF144}.Debug (dynamic)|x64.Deploy.0 = Debug|x64
		{5496248C-EDEF-4D31-B402-9344B67DF144}.Debug (dynamic)|x86.ActiveCfg = Debug|Win32
		{5496248C-EDEF-4D31-B402-9344B67DF144}.Debug (dynamic)|x86.Build.0 = Debug|Win32
		{5496248C-EDEF-4D31-B402-9344B67DF144}.Debug (dynamic)|x86.Deploy.0 = Debug|Win32
		{5496248C-EDEF-4D31-B402-9344B67DF144}.Debug (static)|Any CPU.ActiveCfg = Release|Win32
		{5496248C-EDEF-4D31-B402-9344B67DF144}.Debug (static)|Any CPU.Build.0 = Release|Win32
		{5496248C-EDEF-4D31-B402-9344B67DF144}.Debug (static)|Any CPU.Deploy.0 = Release|Win32
		{5496248C-EDEF-4D31-B402-9344B67DF144}.Debug (static)|ARM.ActiveCfg = Release|Win32
		{5496248C-EDEF-4D31-B402-9344B67DF144}.Debug (static)|ARM.Build.0 = Release|Win32
		{5496248C-EDEF-4D31-B402-9344B67DF144}.Debug (static)|ARM.Deploy.0 = Release|Win32
		{5496248C-EDEF-4D31-B402-9344B67DF144}.Debug (static)|ARM64.ActiveCfg = Release|Win32
		{5496248C-EDEF-4D31-B402-9344B67DF144}.Debug (static)|ARM64.Build.0 = Release|Win32
		{5496248C-EDEF-4D31-B402-9344B67DF144}.Debug (static)|ARM64.Deploy.0 = Release|Win32
		{5496248C-EDEF-4D31-B402-9344B67DF144}.Debug (static)|x64.ActiveCfg = Debug|x64
		{5496248C-EDEF-4D31-B402-9344B67DF144}.Debug (static)|x64.Build.0 = Debug|x64
		{5496248C-EDEF-4D31-B402-9344B67DF144}.Debug (static)|x64.Deploy.0 = Debug|x64
		{5496248C-EDEF-4D31-B402-9344B67DF144}.Debug (static)|x86.ActiveCfg = Debug|Win32
		{5496248C-EDEF-4D31-B402-9344B67DF144}.Debug (static)|x86.Build.0 = Debug|Win32
		{5496248C-EDEF-4D31-B402-9344B67DF144}.Debug (static)|x86.Deploy.0 = Debug|Win32
		{5496248C-EDEF-4D31-B402-9344B67DF144}.Debug|Any CPU.ActiveCfg = Debug|Win32
		{5496248C-EDEF-4D31-B402-9344B67DF144}.Debug|ARM.ActiveCfg = Debug|Win32
		{5496248C-EDEF-4D31-B402-9344B67DF144}.Debug|ARM64.ActiveCfg = Debug|Win32
		{5496248C-EDEF-4D31-B402-9344B67DF144}.Debug|x64.ActiveCfg = Debug|x64
		{5496248C-EDEF-4D31-B402-9344B67DF144}.Debug|x64.Build.0 = Debug|x64
		{5496248C-EDEF-4D31-B402-9344B67DF144}.Debug|x64.Deploy.0 = Debug|x64
		{5496248C-EDEF-4D31-B402-9344B67DF144}.Debug|x86.ActiveCfg = Debug|Win32
		{5496248C-EDEF-4D31-B402-9344B67DF144}.Debug|x86.Build.0 = Debug|Win32
		{5496248C-EDEF-4D31-B402-9344B67DF144}.Debug|x86.Deploy.0 = Debug|Win32
		{5496248C-EDEF-4D31-B402-9344B67DF144}.Release (dynamic)|Any CPU.ActiveCfg = Release|Win32
		{5496248C-EDEF-4D31-B402-9344B67DF144}.Release (dynamic)|Any CPU.Build.0 = Release|Win32
		{5496248C-EDEF-4D31-B402-9344B67DF144}.Release (dynamic)|Any CPU.Deploy.0 = Release|Win32
		{5496248C-EDEF-4D31-B402-9344B67DF144}.Release (dynamic)|ARM.ActiveCfg = Release|Win32
		{5496248C-EDEF-4D31-B402-9344B67DF144}.Release (dynamic)|ARM.Build.0 = Release|Win32
		{5496248C-EDEF-4D31-B402-9344B67DF144}.Release (dynamic)|ARM.Deploy.0 = Release|Win32
		{5496248C-EDEF-4D31-B402-9344B67DF144}.Release (dynamic)|ARM64.ActiveCfg = Release|Win32
		{5496248C-EDEF-4D31-B402-9344B67DF144}.Release (dynamic)|ARM64.Build.0 = Release|Win32
		{5496248C-EDEF-4D31-B402-9344B67DF144}.Release (dynamic)|ARM64.Deploy.0 = Release|Win32
		{5496248C-EDEF-4D31-B402-9344B67DF144}.Release (dynamic)|x64.ActiveCfg = Release|x64
		{5496248C-EDEF-4D31-B402-9344B67DF144}.Release (dynamic)|x64.Build.0 = Release|x64
		{5496248C-EDEF-4D31-B402-9344B67DF144}.Release (dynamic)|x64.Deploy.0 = Release|x64
		{5496248C-EDEF-4D31-B402-9344B67DF144}.Release (dynamic)|x86.ActiveCfg = Release|Win32
		{5496248C-EDEF-4D31-B402-9344B67DF144}.Release (dynamic)|x86.Build.0 = Release|Win32
		{5496248C-EDEF-4D31-B402-9344B67DF144}.Release (dynamic)|x86.Deploy.0 = Release|Win32
		{5496248C-EDEF-4D31-B402-9344B67DF144}.Release (static)|Any CPU.ActiveCfg = Release|Win32
		{5496248C-EDEF-4D31-B402-9344B67DF144}.Release (static)|Any CPU.Build.0 = Release|Win32
		{5496248C-EDEF-4D31-B402-9344B67DF144}.Release (static)|Any CPU.Deploy.0 = Release|Win32
		{5496248C-EDEF-4D31-B402-9344B67DF144}.Release (static)|ARM.ActiveCfg = Release|Win32
		{5496248C-EDEF-4D31-B402-9344B67DF144}.Release (static)|ARM.Build.0 = Release|Win32
		{5496248C-EDEF-4D31-B402-9344B67DF144}.Release (static)|ARM.Deploy.0 = Release|Win32
		{5496248C-EDEF-4D31-B402-9344B67DF144}.Release (static)|ARM64.ActiveCfg = Release|Win32
		{5496248C-EDEF-4D31-B402-9344B67DF144}.Release (static)|ARM64.Build.0 = Release|Win32
		{5496248C-EDEF-4D31-B402-9344B67DF144}.Release (static)|ARM64.Deploy.0 = Release|Win32
		{5496248C-EDEF-4D31-B402-9344B67DF144}.Release (static)|x64.ActiveCfg = Release|x64
		{5496248C-EDEF-4D31-B402-9344B67DF144}.Release (static)|x64.Build.0 = Release|x64
		{5496248C-EDEF-4D31-B402-9344B67DF144}.Release (static)|x64.Deploy.0 = Release|x64
		{5496248C-EDEF-4D31-B402-9344B67DF144}.Release (static)|x86.ActiveCfg = Release|Win32
		{5496248C-EDEF-4D31-B402-9344B67DF144}.Release (static)|x86.Build.0 = Release|Win32
		{5496248C-EDEF-4D31-B402-9344B67DF144}.Release (static)|x86.Deploy.0 = Release|Win32
		{5496248C-EDEF-4D31-B402-9344B67DF144}.Release|Any CPU.ActiveCfg = Release|Win32
		{5496248C-EDEF-4D31-B402-9344B67DF144}.Release|ARM.ActiveCfg = Release|Win32
		{5496248C-EDEF-4D31-B402-9344B67DF144}.Release|ARM64.ActiveCfg = Release|Win32
		{5496248C-EDEF-4D31-B402-9344B67DF144}.Release|x64.ActiveCfg = Release|x64
		{5496248C-EDEF-4D31-B402-9344B67DF144}.Release|x64.Build.0 = Release|x64
		{5496248C-EDEF-4D31-B402-9344B67DF144}.Release|x64.Deploy.0 = Release|x64
		{5496248C-EDEF-4D31-B402-9344B67DF144}.Release|x86.ActiveCfg = Release|Win32
		{5496248C-EDEF-4D31-B402-9344B67DF144}.Release|x86.Build.0 = Release|Win32
		{5496248C-EDEF-4D31-B402-9344B67DF144}.Release|x86.Deploy.0 = Release|Win32
		{F30261A3-E3CB-4A77-87AE-8B3AE3CB5E49}.Debug (dynamic)|Any CPU.ActiveCfg = Release|x64
		{F30261A3-E3CB-4A77-87AE-8B3AE3CB5E49}.Debug (dynamic)|Any CPU.Build.0 = Release|x64
		{F30261A3-E3CB-4A77-87AE-8B3AE3CB5E49}.Debug (dynamic)|ARM.ActiveCfg = Release|x64
		{F30261A3-E3CB-4A77-87AE-8B3AE3CB5E49}.Debug (dynamic)|ARM.Build.0 = Release|x64
		{F30261A3-E3CB-4A77-87AE-8B3AE3CB5E49}.Debug (dynamic)|ARM64.ActiveCfg = Release|x64
		{F30261A3-E3CB-4A77-87AE-8B3AE3CB5E49}.Debug (dynamic)|ARM64.Build.0 = Release|x64
		{F30261A3-E3CB-4A77-87AE-8B3AE3CB5E49}.Debug (dynamic)|x64.ActiveCfg = Debug|x64
		{F30261A3-E3CB-4A77-87AE-8B3AE3CB5E49}.Debug (dynamic)|x64.Build.0 = Debug|x64
		{F30261A3-E3CB-4A77-87AE-8B3AE3CB5E49}.Debug (dynamic)|x86.ActiveCfg = Debug|Win32
		{F30261A3-E3CB-4A77-87AE-8B3AE3CB5E49}.Debug (dynamic)|x86.Build.0 = Debug|Win32
		{F30261A3-E3CB-4A77-87AE-8B3AE3CB5E49}.Debug (static)|Any CPU.ActiveCfg = Release|x64
		{F30261A3-E3CB-4A77-87AE-8B3AE3CB5E49}.Debug (static)|Any CPU.Build.0 = Release|x64
		{F30261A3-E3CB-4A77-87AE-8B3AE3CB5E49}.Debug (static)|ARM.ActiveCfg = Release|x64
		{F30261A3-E3CB-4A77-87AE-8B3AE3CB5E49}.Debug (static)|ARM.Build.0 = Release|x64
		{F30261A3-E3CB-4A77-87AE-8B3AE3CB5E49}.Debug (static)|ARM64.ActiveCfg = Release|x64
		{F30261A3-E3CB-4A77-87AE-8B3AE3CB5E49}.Debug (static)|ARM64.Build.0 = Release|x64
		{F30261A3-E3CB-4A77-87AE-8B3AE3CB5E49}.Debug (static)|x64.ActiveCfg = Debug|x64
		{F30261A3-E3CB-4A77-87AE-8B3AE3CB5E49}.Debug (static)|x64.Build.0 = Debug|x64
		{F30261A3-E3CB-4A77-87AE-8B3AE3CB5E49}.Debug (static)|x86.ActiveCfg = Debug|Win32
		{F30261A3-E3CB-4A77-87AE-8B3AE3CB5E49}.Debug (static)|x86.Build.0 = Debug|Win32
		{F30261A3-E3CB-4A77-87AE-8B3AE3CB5E49}.Debug|Any CPU.ActiveCfg = Debug|Win32
		{F30261A3-E3CB-4A77-87AE-8B3AE3CB5E49}.Debug|ARM.ActiveCfg = Debug|Win32
		{F30261A3-E3CB-4A77-87AE-8B3AE3CB5E49}.Debug|ARM64.ActiveCfg = Debug|Win32
		{F30261A3-E3CB-4A77-87AE-8B3AE3CB5E49}.Debug|x64.ActiveCfg = Debug|x64
		{F30261A3-E3CB-4A77-87AE-8B3AE3CB5E49}.Debug|x64.Build.0 = Debug|x64
		{F30261A3-E3CB-4A77-87AE-8B3AE3CB5E49}.Debug|x86.ActiveCfg = Debug|Win32
		{F30261A3-E3CB-4A77-87AE-8B3AE3CB5E49}.Debug|x86.Build.0 = Debug|Win32
		{F30261A3-E3CB-4A77-87AE-8B3AE3CB5E49}.Release (dynamic)|Any CPU.ActiveCfg = Release|x64
		{F30261A3-E3CB-4A77-87AE-8B3AE3CB5E49}.Release (dynamic)|Any CPU.Build.0 = Release|x64
		{F30261A3-E3CB-4A77-87AE-8B3AE3CB5E49}.Release (dynamic)|ARM.ActiveCfg = Release|x64
		{F30261A3-E3CB-4A77-87AE-8B3AE3CB5E49}.Release (dynamic)|ARM.Build.0 = Release|x64
		{F30261A3-E3CB-4A77-87AE-8B3AE3CB5E49}.Release (dynamic)|ARM64.ActiveCfg = Release|x64
		{F30261A3-E3CB-4A77-87AE-8B3AE3CB5E49}.Release (dynamic)|ARM64.Build.0 = Release|x64
		{F30261A3-E3CB-4A77-87AE-8B3AE3CB5E49}.Release (dynamic)|x64.ActiveCfg = Release|x64
		{F30261A3-E3CB-4A77-87AE-8B3AE3CB5E49}.Release (dynamic)|x64.Build.0 = Release|x64
		{F30261A3-E3CB-4A77-87AE-8B3AE3CB5E49}.Release (dynamic)|x86.ActiveCfg = Release|Win32
		{F30261A3-E3CB-4A77-87AE-8B3AE3CB5E49}.Release (dynamic)|x86.Build.0 = Release|Win32
		{F30261A3-E3CB-4A77-87AE-8B3AE3CB5E49}.Release (static)|Any CPU.ActiveCfg = Release|x64
		{F30261A3-E3CB-4A77-87AE-8B3AE3CB5E49}.Release (static)|Any CPU.Build.0 = Release|x64
		{F30261A3-E3CB-4A77-87AE-8B3AE3CB5E49}.Release (static)|ARM.ActiveCfg = Release|x64
		{F30261A3-E3CB-4A77-87AE-8B3AE3CB5E49}.Release (static)|ARM.Build.0 = Release|x64
		{F30261A3-E3CB-4A77-87AE-8B3AE3CB5E49}.Release (static)|ARM64.ActiveCfg = Release|x64
		{F30261A3-E3CB-4A77-87AE-8B3AE3CB5E49}.Release (static)|ARM64.Build.0 = Release|x64
		{F30261A3-E3CB-4A77-87AE-8B3AE3CB5E49}.Release (static)|x64.ActiveCfg = Release|x64
		{F30261A3-E3CB-4A77-87AE-8B3AE3CB5E49}.Release (static)|x64.Build.0 = Release|x64
		{F30261A3-E3CB-4A77-87AE-8B3AE3CB5E49}.Release (static)|x86.ActiveCfg = Release|Win32
		{F30261A3-E3CB-4A77-87AE-8B3AE3CB5E49}.Release (static)|x86.Build.0 = Release|Win32
		{F30261A3-E3CB-4A77-87AE-8B3AE3CB5E49}.Release|Any CPU.ActiveCfg = Release|Win32
		{F30261A3-E3CB-4A77-87AE-8B3AE3CB5E49}.Release|ARM.ActiveCfg = Release|Win32
		{F30261A3-E3CB-4A77-87AE-8B3AE3CB5E49}.Release|ARM64.ActiveCfg = Release|Win32
		{F30261A3-E3CB-4A77-87AE-8B3AE3CB5E49}.Release|x64.ActiveCfg = Release|x64
		{F30261A3-E3CB-4A77-87AE-8B3AE3CB5E49}.Release|x64.Build.0 = Release|x64
		{F30261A3-E3CB-4A77-87AE-8B3AE3CB5E49}.Release|x86.ActiveCfg = Release|Win32
		{F30261A3-E3CB-4A77-87AE-8B3AE3CB5E49}.Release|x86.Build.0 = Release|Win32
	EndGlobalSection
	GlobalSection(SolutionProperties) = preSolution
		HideSolutionNode = FALSE
	EndGlobalSection
	GlobalSection(ExtensibilityGlobals) = postSolution
		SolutionGuid = {D5CD61FD-80BB-4E0E-840C-BAF66ABB1CF0}
	EndGlobalSection
EndGlobal
